Microsoft Visual Studio Solution File, Format Version 10.00
# Visual Studio 2008
Project("{8BC9CEB8-8B4A-11D0-8D11-00A0C91BC942}") = "Main", "Main.vcproj", "{C5822763-E682-4368-95F4-026253C5E03F}"
	ProjectSection(ProjectDependencies) = postProject
		{053A3438-339B-4A26-9FFA-AD78193A0169} = {053A3438-339B-4A26-9FFA-AD78193A0169}
	EndProjectSection
EndProject
Project("{8BC9CEB8-8B4A-11D0-8D11-00A0C91BC942}") = "Base", "Base.vcproj", "{053A3438-339B-4A26-9FFA-AD78193A0169}"
EndProject
Project("{8BC9CEB8-8B4A-11D0-8D11-00A0C91BC942}") = "D3DSystem", "D3DSystem.vcproj", "{9D6A2347-2890-4581-8E3B-B386706762B2}"
	ProjectSection(ProjectDependencies) = postProject
		{053A3438-339B-4A26-9FFA-AD78193A0169} = {053A3438-339B-4A26-9FFA-AD78193A0169}
	EndProjectSection
EndProject
Project("{8BC9CEB8-8B4A-11D0-8D11-00A0C91BC942}") = "DSoundSystem", "DSoundSystem.vcproj", "{377BB925-9463-45EE-A2F5-FA7606C2B171}"
	ProjectSection(ProjectDependencies) = postProject
		{053A3438-339B-4A26-9FFA-AD78193A0169} = {053A3438-339B-4A26-9FFA-AD78193A0169}
	EndProjectSection
EndProject
Project("{8BC9CEB8-8B4A-11D0-8D11-00A0C91BC942}") = "ScriptCompiler", "ScriptCompiler.vcproj", "{618F925F-210D-4ABB-A306-897B1FCE75C5}"
	ProjectSection(ProjectDependencies) = postProject
		{053A3438-339B-4A26-9FFA-AD78193A0169} = {053A3438-339B-4A26-9FFA-AD78193A0169}
	EndProjectSection
EndProject
Project("{8BC9CEB8-8B4A-11D0-8D11-00A0C91BC942}") = "Xed", "..\Editor\Xed.vcproj", "{470BB1BC-8774-40AD-B416-1856DC2A2701}"
	ProjectSection(ProjectDependencies) = postProject
		{053A3438-339B-4A26-9FFA-AD78193A0169} = {053A3438-339B-4A26-9FFA-AD78193A0169}
	EndProjectSection
EndProject
Project("{2150E333-8FDC-42A3-9474-1A3956D46DE8}") = "Game", "Game", "{1ED43623-F50B-48AF-A866-0509BEC63A62}"
EndProject
Project("{2150E333-8FDC-42A3-9474-1A3956D46DE8}") = "Menus", "Menus", "{F325E409-EB07-4D08-ACF6-CF7EBFBA2E8E}"
	ProjectSection(SolutionItems) = preProject
		..\..\Build\data\Game\script\ConfirmScreen.xscript = ..\..\Build\data\Game\script\ConfirmScreen.xscript
		..\..\Build\data\Game\script\MainMenu.xscript = ..\..\Build\data\Game\script\MainMenu.xscript
		..\..\Build\data\Game\script\OpenLevelMenu.xscript = ..\..\Build\data\Game\script\OpenLevelMenu.xscript
		..\..\Build\data\Game\script\OptionsMenu.xscript = ..\..\Build\data\Game\script\OptionsMenu.xscript
		..\..\Build\data\Game\script\SaveGameMenu.xscript = ..\..\Build\data\Game\script\SaveGameMenu.xscript
		..\..\Build\data\Game\script\SoundMenu.xscript = ..\..\Build\data\Game\script\SoundMenu.xscript
		..\..\Build\data\Game\script\VideoMenu.xscript = ..\..\Build\data\Game\script\VideoMenu.xscript
	EndProjectSection
EndProject
Project("{2150E333-8FDC-42A3-9474-1A3956D46DE8}") = "Main", "Main", "{0521FC5A-387D-4B76-9716-1049599ADD13}"
	ProjectSection(SolutionItems) = preProject
		..\..\Build\data\Game\script\ActionIndicators.xscript = ..\..\Build\data\Game\script\ActionIndicators.xscript
		..\..\Build\data\Game\script\Actions.xscript = ..\..\Build\data\Game\script\Actions.xscript
		..\..\Build\data\Game\script\AimViewer.xscript = ..\..\Build\data\Game\script\AimViewer.xscript
		..\..\Build\data\Game\script\GameCharacter.xscript = ..\..\Build\data\Game\script\GameCharacter.xscript
		..\..\Build\data\Game\script\GameController.xscript = ..\..\Build\data\Game\script\GameController.xscript
		..\..\Build\data\Game\script\GameViewport.xscript = ..\..\Build\data\Game\script\GameViewport.xscript
		..\..\Build\data\Game\script\HUD.xscript = ..\..\Build\data\Game\script\HUD.xscript
		..\..\Build\data\Game\script\HyperionGame.xscript = ..\..\Build\data\Game\script\HyperionGame.xscript
		..\..\Build\data\Game\script\Indicator.xscript = ..\..\Build\data\Game\script\Indicator.xscript
		..\..\Build\data\Game\script\Main.xscript = ..\..\Build\data\Game\script\Main.xscript
		..\..\Build\data\Game\script\MiniConsole.xscript = ..\..\Build\data\Game\script\MiniConsole.xscript
		..\..\Build\data\Game\script\MovingLight.xscript = ..\..\Build\data\Game\script\MovingLight.xscript
		..\..\Build\data\Game\script\MusicObject.xscript = ..\..\Build\data\Game\script\MusicObject.xscript
		..\..\Build\data\Game\script\NPCController.xscript = ..\..\Build\data\Game\script\NPCController.xscript
		..\..\Build\data\Game\script\PlayerCamera.xscript = ..\..\Build\data\Game\script\PlayerCamera.xscript
		..\..\Build\data\Game\script\PlayerController.xscript = ..\..\Build\data\Game\script\PlayerController.xscript
		..\..\Build\data\Game\script\Projectiles.xscript = ..\..\Build\data\Game\script\Projectiles.xscript
		..\..\Build\data\Game\script\PulsingLight.xscript = ..\..\Build\data\Game\script\PulsingLight.xscript
	EndProjectSection
EndProject
Global
	GlobalSection(SolutionConfigurationPlatforms) = preSolution
		Debug|Win32 = Debug|Win32
		Debug|x64 = Debug|x64
		Release|Win32 = Release|Win32
		Release|x64 = Release|x64
	EndGlobalSection
	GlobalSection(ProjectConfigurationPlatforms) = postSolution
		{C5822763-E682-4368-95F4-026253C5E03F}.Debug|Win32.ActiveCfg = Debug|Win32
		{C5822763-E682-4368-95F4-026253C5E03F}.Debug|Win32.Build.0 = Debug|Win32
		{C5822763-E682-4368-95F4-026253C5E03F}.Debug|x64.ActiveCfg = Debug|x64
		{C5822763-E682-4368-95F4-026253C5E03F}.Debug|x64.Build.0 = Debug|x64
		{C5822763-E682-4368-95F4-026253C5E03F}.Release|Win32.ActiveCfg = Release|Win32
		{C5822763-E682-4368-95F4-026253C5E03F}.Release|Win32.Build.0 = Release|Win32
		{C5822763-E682-4368-95F4-026253C5E03F}.Release|x64.ActiveCfg = Release|x64
		{C5822763-E682-4368-95F4-026253C5E03F}.Release|x64.Build.0 = Release|x64
		{053A3438-339B-4A26-9FFA-AD78193A0169}.Debug|Win32.ActiveCfg = Debug|Win32
		{053A3438-339B-4A26-9FFA-AD78193A0169}.Debug|Win32.Build.0 = Debug|Win32
		{053A3438-339B-4A26-9FFA-AD78193A0169}.Debug|x64.ActiveCfg = Debug|x64
		{053A3438-339B-4A26-9FFA-AD78193A0169}.Debug|x64.Build.0 = Debug|x64
		{053A3438-339B-4A26-9FFA-AD78193A0169}.Release|Win32.ActiveCfg = Release|Win32
		{053A3438-339B-4A26-9FFA-AD78193A0169}.Release|Win32.Build.0 = Release|Win32
		{053A3438-339B-4A26-9FFA-AD78193A0169}.Release|x64.ActiveCfg = Release|x64
		{053A3438-339B-4A26-9FFA-AD78193A0169}.Release|x64.Build.0 = Release|x64
		{9D6A2347-2890-4581-8E3B-B386706762B2}.Debug|Win32.ActiveCfg = Debug|Win32
		{9D6A2347-2890-4581-8E3B-B386706762B2}.Debug|Win32.Build.0 = Debug|Win32
		{9D6A2347-2890-4581-8E3B-B386706762B2}.Debug|x64.ActiveCfg = Debug|x64
		{9D6A2347-2890-4581-8E3B-B386706762B2}.Debug|x64.Build.0 = Debug|x64
		{9D6A2347-2890-4581-8E3B-B386706762B2}.Release|Win32.ActiveCfg = Release|Win32
		{9D6A2347-2890-4581-8E3B-B386706762B2}.Release|Win32.Build.0 = Release|Win32
		{9D6A2347-2890-4581-8E3B-B386706762B2}.Release|x64.ActiveCfg = Release|x64
		{9D6A2347-2890-4581-8E3B-B386706762B2}.Release|x64.Build.0 = Release|x64
		{377BB925-9463-45EE-A2F5-FA7606C2B171}.Debug|Win32.ActiveCfg = Debug|Win32
		{377BB925-9463-45EE-A2F5-FA7606C2B171}.Debug|Win32.Build.0 = Debug|Win32
		{377BB925-9463-45EE-A2F5-FA7606C2B171}.Debug|x64.ActiveCfg = Debug|x64
		{377BB925-9463-45EE-A2F5-FA7606C2B171}.Debug|x64.Build.0 = Debug|x64
		{377BB925-9463-45EE-A2F5-FA7606C2B171}.Release|Win32.ActiveCfg = Release|Win32
		{377BB925-9463-45EE-A2F5-FA7606C2B171}.Release|Win32.Build.0 = Release|Win32
		{377BB925-9463-45EE-A2F5-FA7606C2B171}.Release|x64.ActiveCfg = Release|x64
		{377BB925-9463-45EE-A2F5-FA7606C2B171}.Release|x64.Build.0 = Release|x64
		{618F925F-210D-4ABB-A306-897B1FCE75C5}.Debug|Win32.ActiveCfg = Debug|Win32
		{618F925F-210D-4ABB-A306-897B1FCE75C5}.Debug|Win32.Build.0 = Debug|Win32
		{618F925F-210D-4ABB-A306-897B1FCE75C5}.Debug|x64.ActiveCfg = Debug|x64
		{618F925F-210D-4ABB-A306-897B1FCE75C5}.Debug|x64.Build.0 = Debug|x64
		{618F925F-210D-4ABB-A306-897B1FCE75C5}.Release|Win32.ActiveCfg = Release|Win32
		{618F925F-210D-4ABB-A306-897B1FCE75C5}.Release|Win32.Build.0 = Release|Win32
		{618F925F-210D-4ABB-A306-897B1FCE75C5}.Release|x64.ActiveCfg = Release|x64
		{618F925F-210D-4ABB-A306-897B1FCE75C5}.Release|x64.Build.0 = Release|x64
		{470BB1BC-8774-40AD-B416-1856DC2A2701}.Debug|Win32.ActiveCfg = Release|Win32
		{470BB1BC-8774-40AD-B416-1856DC2A2701}.Debug|Win32.Build.0 = Release|Win32
		{470BB1BC-8774-40AD-B416-1856DC2A2701}.Debug|x64.ActiveCfg = Debug|x64
		{470BB1BC-8774-40AD-B416-1856DC2A2701}.Debug|x64.Build.0 = Debug|x64
		{470BB1BC-8774-40AD-B416-1856DC2A2701}.Release|Win32.ActiveCfg = Release|Win32
		{470BB1BC-8774-40AD-B416-1856DC2A2701}.Release|Win32.Build.0 = Release|Win32
		{470BB1BC-8774-40AD-B416-1856DC2A2701}.Release|x64.ActiveCfg = Release|x64
		{470BB1BC-8774-40AD-B416-1856DC2A2701}.Release|x64.Build.0 = Release|x64
	EndGlobalSection
	GlobalSection(SolutionProperties) = preSolution
		HideSolutionNode = FALSE
	EndGlobalSection
	GlobalSection(NestedProjects) = preSolution
		{F325E409-EB07-4D08-ACF6-CF7EBFBA2E8E} = {1ED43623-F50B-48AF-A866-0509BEC63A62}
		{0521FC5A-387D-4B76-9716-1049599ADD13} = {1ED43623-F50B-48AF-A866-0509BEC63A62}
	EndGlobalSection
EndGlobal
